{
  "requires": true,
  "lockfileVersion": 1,
  "dependencies": {
    "rxjs-compat": {
      "version": "6.6.0",
      "resolved": "https://registry.npmjs.org/rxjs-compat/-/rxjs-compat-6.6.0.tgz",
      "integrity": "sha512-XvW8LM/3QnoehC74BAbC3bSiaSsfdZHC21QErD50TmdjNQhpQ6s3bM5PjcdcZWbX7mNgC3zi3BcbI9dWGJ6fsA=="
    }
  }
}
